
Microsoft Visual Studio Solution File, Format Version 12.00
# Visual Studio Version 16
VisualStudioVersion = 16.0.31321.278
MinimumVisualStudioVersion = 10.0.40219.1
Project("{8BC9CEB8-8B4A-11D0-8D11-00A0C91BC942}") = "Inheritance", "Inheritance\Inheritance.vcxproj", "{70DB78C3-B4BF-4314-8696-4ADE82198E69}"
EndProject
Project("{8BC9CEB8-8B4A-11D0-8D11-00A0C91BC942}") = "Academy", "Academy\Academy.vcxproj", "{ABB973EF-3145-4548-AC7D-961A699AAE4F}"
EndProject
Project("{8BC9CEB8-8B4A-11D0-8D11-00A0C91BC942}") = "Academy2", "Academy2\Academy2.vcxproj", "{CFABA7BB-8EA5-44E4-A64C-626F2345EA0E}"
EndProject
Project("{8BC9CEB8-8B4A-11D0-8D11-00A0C91BC942}") = "Department", "Department\Department.vcxproj", "{C769F139-29CB-4337-9F0B-18E186323B54}"
EndProject
Project("{8BC9CEB8-8B4A-11D0-8D11-00A0C91BC942}") = "Depart2", "Depart2\Depart2.vcxproj", "{D76EB59C-D048-4F6D-A0F2-AFE28B383DCA}"
EndProject
Project("{8BC9CEB8-8B4A-11D0-8D11-00A0C91BC942}") = "Files", "Files\Files.vcxproj", "{F5E9B73F-79AD-4EE2-9839-5A067938BE03}"
EndProject
Project("{8BC9CEB8-8B4A-11D0-8D11-00A0C91BC942}") = "11", "11\11.vcxproj", "{39805066-979B-4854-96CF-06B0D0291D8D}"
EndProject
Global
	GlobalSection(SolutionConfigurationPlatforms) = preSolution
		Debug|x64 = Debug|x64
		Debug|x86 = Debug|x86
		Release|x64 = Release|x64
		Release|x86 = Release|x86
	EndGlobalSection
	GlobalSection(ProjectConfigurationPlatforms) = postSolution
		{70DB78C3-B4BF-4314-8696-4ADE82198E69}.Debug|x64.ActiveCfg = Debug|x64
		{70DB78C3-B4BF-4314-8696-4ADE82198E69}.Debug|x64.Build.0 = Debug|x64
		{70DB78C3-B4BF-4314-8696-4ADE82198E69}.Debug|x86.ActiveCfg = Debug|Win32
		{70DB78C3-B4BF-4314-8696-4ADE82198E69}.Debug|x86.Build.0 = Debug|Win32
		{70DB78C3-B4BF-4314-8696-4ADE82198E69}.Release|x64.ActiveCfg = Release|x64
		{70DB78C3-B4BF-4314-8696-4ADE82198E69}.Release|x64.Build.0 = Release|x64
		{70DB78C3-B4BF-4314-8696-4ADE82198E69}.Release|x86.ActiveCfg = Release|Win32
		{70DB78C3-B4BF-4314-8696-4ADE82198E69}.Release|x86.Build.0 = Release|Win32
		{ABB973EF-3145-4548-AC7D-961A699AAE4F}.Debug|x64.ActiveCfg = Debug|x64
		{ABB973EF-3145-4548-AC7D-961A699AAE4F}.Debug|x64.Build.0 = Debug|x64
		{ABB973EF-3145-4548-AC7D-961A699AAE4F}.Debug|x86.ActiveCfg = Debug|Win32
		{ABB973EF-3145-4548-AC7D-961A699AAE4F}.Debug|x86.Build.0 = Debug|Win32
		{ABB973EF-3145-4548-AC7D-961A699AAE4F}.Release|x64.ActiveCfg = Release|x64
		{ABB973EF-3145-4548-AC7D-961A699AAE4F}.Release|x64.Build.0 = Release|x64
		{ABB973EF-3145-4548-AC7D-961A699AAE4F}.Release|x86.ActiveCfg = Release|Win32
		{ABB973EF-3145-4548-AC7D-961A699AAE4F}.Release|x86.Build.0 = Release|Win32
		{CFABA7BB-8EA5-44E4-A64C-626F2345EA0E}.Debug|x64.ActiveCfg = Debug|x64
		{CFABA7BB-8EA5-44E4-A64C-626F2345EA0E}.Debug|x64.Build.0 = Debug|x64
		{CFABA7BB-8EA5-44E4-A64C-626F2345EA0E}.Debug|x86.ActiveCfg = Debug|Win32
		{CFABA7BB-8EA5-44E4-A64C-626F2345EA0E}.Debug|x86.Build.0 = Debug|Win32
		{CFABA7BB-8EA5-44E4-A64C-626F2345EA0E}.Release|x64.ActiveCfg = Release|x64
		{CFABA7BB-8EA5-44E4-A64C-626F2345EA0E}.Release|x64.Build.0 = Release|x64
		{CFABA7BB-8EA5-44E4-A64C-626F2345EA0E}.Release|x86.ActiveCfg = Release|Win32
		{CFABA7BB-8EA5-44E4-A64C-626F2345EA0E}.Release|x86.Build.0 = Release|Win32
		{C769F139-29CB-4337-9F0B-18E186323B54}.Debug|x64.ActiveCfg = Debug|x64
		{C769F139-29CB-4337-9F0B-18E186323B54}.Debug|x64.Build.0 = Debug|x64
		{C769F139-29CB-4337-9F0B-18E186323B54}.Debug|x86.ActiveCfg = Debug|Win32
		{C769F139-29CB-4337-9F0B-18E186323B54}.Debug|x86.Build.0 = Debug|Win32
		{C769F139-29CB-4337-9F0B-18E186323B54}.Release|x64.ActiveCfg = Release|x64
		{C769F139-29CB-4337-9F0B-18E186323B54}.Release|x64.Build.0 = Release|x64
		{C769F139-29CB-4337-9F0B-18E186323B54}.Release|x86.ActiveCfg = Release|Win32
		{C769F139-29CB-4337-9F0B-18E186323B54}.Release|x86.Build.0 = Release|Win32
		{D76EB59C-D048-4F6D-A0F2-AFE28B383DCA}.Debug|x64.ActiveCfg = Debug|x64
		{D76EB59C-D048-4F6D-A0F2-AFE28B383DCA}.Debug|x64.Build.0 = Debug|x64
		{D76EB59C-D048-4F6D-A0F2-AFE28B383DCA}.Debug|x86.ActiveCfg = Debug|Win32
		{D76EB59C-D048-4F6D-A0F2-AFE28B383DCA}.Debug|x86.Build.0 = Debug|Win32
		{D76EB59C-D048-4F6D-A0F2-AFE28B383DCA}.Release|x64.ActiveCfg = Release|x64
		{D76EB59C-D048-4F6D-A0F2-AFE28B383DCA}.Release|x64.Build.0 = Release|x64
		{D76EB59C-D048-4F6D-A0F2-AFE28B383DCA}.Release|x86.ActiveCfg = Release|Win32
		{D76EB59C-D048-4F6D-A0F2-AFE28B383DCA}.Release|x86.Build.0 = Release|Win32
		{F5E9B73F-79AD-4EE2-9839-5A067938BE03}.Debug|x64.ActiveCfg = Debug|x64
		{F5E9B73F-79AD-4EE2-9839-5A067938BE03}.Debug|x64.Build.0 = Debug|x64
		{F5E9B73F-79AD-4EE2-9839-5A067938BE03}.Debug|x86.ActiveCfg = Debug|Win32
		{F5E9B73F-79AD-4EE2-9839-5A067938BE03}.Debug|x86.Build.0 = Debug|Win32
		{F5E9B73F-79AD-4EE2-9839-5A067938BE03}.Release|x64.ActiveCfg = Release|x64
		{F5E9B73F-79AD-4EE2-9839-5A067938BE03}.Release|x64.Build.0 = Release|x64
		{F5E9B73F-79AD-4EE2-9839-5A067938BE03}.Release|x86.ActiveCfg = Release|Win32
		{F5E9B73F-79AD-4EE2-9839-5A067938BE03}.Release|x86.Build.0 = Release|Win32
		{39805066-979B-4854-96CF-06B0D0291D8D}.Debug|x64.ActiveCfg = Debug|x64
		{39805066-979B-4854-96CF-06B0D0291D8D}.Debug|x64.Build.0 = Debug|x64
		{39805066-979B-4854-96CF-06B0D0291D8D}.Debug|x86.ActiveCfg = Debug|Win32
		{39805066-979B-4854-96CF-06B0D0291D8D}.Debug|x86.Build.0 = Debug|Win32
		{39805066-979B-4854-96CF-06B0D0291D8D}.Release|x64.ActiveCfg = Release|x64
		{39805066-979B-4854-96CF-06B0D0291D8D}.Release|x64.Build.0 = Release|x64
		{39805066-979B-4854-96CF-06B0D0291D8D}.Release|x86.ActiveCfg = Release|Win32
		{39805066-979B-4854-96CF-06B0D0291D8D}.Release|x86.Build.0 = Release|Win32
	EndGlobalSection
	GlobalSection(SolutionProperties) = preSolution
		HideSolutionNode = FALSE
	EndGlobalSection
	GlobalSection(ExtensibilityGlobals) = postSolution
		SolutionGuid = {AB87CC1F-753E-4456-AED8-630A87DEAD88}
	EndGlobalSection
EndGlobal
